
Microsoft Visual Studio Solution File, Format Version 12.00
# Visual Studio Version 16
VisualStudioVersion = 16.0.31515.178
MinimumVisualStudioVersion = 10.0.40219.1
Project("{F184B08F-C81C-45F6-A57F-5ABD9991F28F}") = "VBFormSample01", "VBFormSample01\VBFormSample01.vbproj", "{BD0834B4-F347-4989-8DC3-8D6E72FD1204}"
EndProject
Global
	GlobalSection(SolutionConfigurationPlatforms) = preSolution
		Debug|Any CPU = Debug|Any CPU
		Release|Any CPU = Release|Any CPU
	EndGlobalSection
	GlobalSection(ProjectConfigurationPlatforms) = postSolution
		{BD0834B4-F347-4989-8DC3-8D6E72FD1204}.Debug|Any CPU.ActiveCfg = Debug|Any CPU
		{BD0834B4-F347-4989-8DC3-8D6E72FD1204}.Debug|Any CPU.Build.0 = Debug|Any CPU
		{BD0834B4-F347-4989-8DC3-8D6E72FD1204}.Release|Any CPU.ActiveCfg = Release|Any CPU
		{BD0834B4-F347-4989-8DC3-8D6E72FD1204}.Release|Any CPU.Build.0 = Release|Any CPU
	EndGlobalSection
	GlobalSection(SolutionProperties) = preSolution
		HideSolutionNode = FALSE
	EndGlobalSection
	GlobalSection(ExtensibilityGlobals) = postSolution
		SolutionGuid = {DC19546D-BD78-48DF-80A3-92C1F255610E}
	EndGlobalSection
EndGlobal
